
Microsoft Visual Studio Solution File, Format Version 12.00
# Visual Studio Version 16
VisualStudioVersion = 16.0.31911.196
MinimumVisualStudioVersion = 10.0.40219.1
Project("{FAE04EC0-301F-11D3-BF4B-00C04F79EFBC}") = "PreExam", "PreExam.csproj", "{DF58897D-A3D5-446E-A17E-201857E7A2F0}"
EndProject
Project("{FAE04EC0-301F-11D3-BF4B-00C04F79EFBC}") = "MaidenParty", "..\MaidenParty\MaidenParty.csproj", "{7898CF10-51C8-4722-BF46-8C1482311C5A}"
EndProject
Project("{FAE04EC0-301F-11D3-BF4B-00C04F79EFBC}") = "Final Competition", "..\Final Competition\Final Competition.csproj", "{4AE64851-B71F-4E41-8C1F-814B58A52CBC}"
EndProject
Project("{FAE04EC0-301F-11D3-BF4B-00C04F79EFBC}") = "Exam", "..\Exam\Exam.csproj", "{0615DAC5-949C-416E-9DB4-882C9A2B955C}"
EndProject
Project("{FAE04EC0-301F-11D3-BF4B-00C04F79EFBC}") = "Multiply Table", "..\Multiply Table\Multiply Table.csproj", "{6044BFFF-C82D-4152-BE3B-D4AF69AC000E}"
EndProject
Global
	GlobalSection(SolutionConfigurationPlatforms) = preSolution
		Debug|Any CPU = Debug|Any CPU
		Release|Any CPU = Release|Any CPU
	EndGlobalSection
	GlobalSection(ProjectConfigurationPlatforms) = postSolution
		{DF58897D-A3D5-446E-A17E-201857E7A2F0}.Debug|Any CPU.ActiveCfg = Debug|Any CPU
		{DF58897D-A3D5-446E-A17E-201857E7A2F0}.Debug|Any CPU.Build.0 = Debug|Any CPU
		{DF58897D-A3D5-446E-A17E-201857E7A2F0}.Release|Any CPU.ActiveCfg = Release|Any CPU
		{DF58897D-A3D5-446E-A17E-201857E7A2F0}.Release|Any CPU.Build.0 = Release|Any CPU
		{7898CF10-51C8-4722-BF46-8C1482311C5A}.Debug|Any CPU.ActiveCfg = Debug|Any CPU
		{7898CF10-51C8-4722-BF46-8C1482311C5A}.Debug|Any CPU.Build.0 = Debug|Any CPU
		{7898CF10-51C8-4722-BF46-8C1482311C5A}.Release|Any CPU.ActiveCfg = Release|Any CPU
		{7898CF10-51C8-4722-BF46-8C1482311C5A}.Release|Any CPU.Build.0 = Release|Any CPU
		{4AE64851-B71F-4E41-8C1F-814B58A52CBC}.Debug|Any CPU.ActiveCfg = Debug|Any CPU
		{4AE64851-B71F-4E41-8C1F-814B58A52CBC}.Debug|Any CPU.Build.0 = Debug|Any CPU
		{4AE64851-B71F-4E41-8C1F-814B58A52CBC}.Release|Any CPU.ActiveCfg = Release|Any CPU
		{4AE64851-B71F-4E41-8C1F-814B58A52CBC}.Release|Any CPU.Build.0 = Release|Any CPU
		{0615DAC5-949C-416E-9DB4-882C9A2B955C}.Debug|Any CPU.ActiveCfg = Debug|Any CPU
		{0615DAC5-949C-416E-9DB4-882C9A2B955C}.Debug|Any CPU.Build.0 = Debug|Any CPU
		{0615DAC5-949C-416E-9DB4-882C9A2B955C}.Release|Any CPU.ActiveCfg = Release|Any CPU
		{0615DAC5-949C-416E-9DB4-882C9A2B955C}.Release|Any CPU.Build.0 = Release|Any CPU
		{6044BFFF-C82D-4152-BE3B-D4AF69AC000E}.Debug|Any CPU.ActiveCfg = Debug|Any CPU
		{6044BFFF-C82D-4152-BE3B-D4AF69AC000E}.Debug|Any CPU.Build.0 = Debug|Any CPU
		{6044BFFF-C82D-4152-BE3B-D4AF69AC000E}.Release|Any CPU.ActiveCfg = Release|Any CPU
		{6044BFFF-C82D-4152-BE3B-D4AF69AC000E}.Release|Any CPU.Build.0 = Release|Any CPU
	EndGlobalSection
	GlobalSection(SolutionProperties) = preSolution
		HideSolutionNode = FALSE
	EndGlobalSection
	GlobalSection(ExtensibilityGlobals) = postSolution
		SolutionGuid = {0058D098-19E4-40E6-82F4-C1D5E0CCD2A3}
	EndGlobalSection
EndGlobal
